
Microsoft Visual Studio Solution File, Format Version 12.00
# Visual Studio Version 17
VisualStudioVersion = 17.5.002.0
MinimumVisualStudioVersion = 10.0.40219.1
Project("{9A19103F-16F7-4668-BE54-9A1E7A4F7556}") = "Snake", "Snake.csproj", "{C9110D08-FB7A-45CC-81FF-DA01F5E507FA}"
EndProject
Global
	GlobalSection(SolutionConfigurationPlatforms) = preSolution
		Debug|Any CPU = Debug|Any CPU
		Release|Any CPU = Release|Any CPU
	EndGlobalSection
	GlobalSection(ProjectConfigurationPlatforms) = postSolution
		{C9110D08-FB7A-45CC-81FF-DA01F5E507FA}.Debug|Any CPU.ActiveCfg = Debug|Any CPU
		{C9110D08-FB7A-45CC-81FF-DA01F5E507FA}.Debug|Any CPU.Build.0 = Debug|Any CPU
		{C9110D08-FB7A-45CC-81FF-DA01F5E507FA}.Release|Any CPU.ActiveCfg = Release|Any CPU
		{C9110D08-FB7A-45CC-81FF-DA01F5E507FA}.Release|Any CPU.Build.0 = Release|Any CPU
	EndGlobalSection
	GlobalSection(SolutionProperties) = preSolution
		HideSolutionNode = FALSE
	EndGlobalSection
	GlobalSection(ExtensibilityGlobals) = postSolution
		SolutionGuid = {3AA13887-9A41-43BF-9CDF-08C1DB49093A}
	EndGlobalSection
EndGlobal
